
Microsoft Visual Studio Solution File, Format Version 12.00
# Visual Studio Version 17
VisualStudioVersion = 17.6.33815.320
MinimumVisualStudioVersion = 10.0.40219.1
Project("{FAE04EC0-301F-11D3-BF4B-00C04F79EFBC}") = "HackDonations_Server", "HackDonations_Server.csproj", "{3E03F3B5-211F-4D8A-9D44-C1CC4766E71B}"
EndProject
Global
	GlobalSection(SolutionConfigurationPlatforms) = preSolution
		Debug|Any CPU = Debug|Any CPU
		Release|Any CPU = Release|Any CPU
	EndGlobalSection
	GlobalSection(ProjectConfigurationPlatforms) = postSolution
		{3E03F3B5-211F-4D8A-9D44-C1CC4766E71B}.Debug|Any CPU.ActiveCfg = Debug|Any CPU
		{3E03F3B5-211F-4D8A-9D44-C1CC4766E71B}.Debug|Any CPU.Build.0 = Debug|Any CPU
		{3E03F3B5-211F-4D8A-9D44-C1CC4766E71B}.Release|Any CPU.ActiveCfg = Release|Any CPU
		{3E03F3B5-211F-4D8A-9D44-C1CC4766E71B}.Release|Any CPU.Build.0 = Release|Any CPU
	EndGlobalSection
	GlobalSection(SolutionProperties) = preSolution
		HideSolutionNode = FALSE
	EndGlobalSection
	GlobalSection(ExtensibilityGlobals) = postSolution
		SolutionGuid = {E5A821F5-AA95-46FD-9B9D-0D0DD27CC6F4}
	EndGlobalSection
EndGlobal
